
Microsoft Visual Studio Solution File, Format Version 12.00
# Visual Studio Version 16
VisualStudioVersion = 16.0.33423.256
MinimumVisualStudioVersion = 10.0.40219.1
Project("{FAE04EC0-301F-11D3-BF4B-00C04F79EFBC}") = "Twitter_Projekt", "Twitter_Projekt\Twitter_Projekt.csproj", "{7944EB09-76C6-42E5-AB1E-23B154A4D059}"
EndProject
Global
	GlobalSection(SolutionConfigurationPlatforms) = preSolution
		Debug|Any CPU = Debug|Any CPU
		Release|Any CPU = Release|Any CPU
	EndGlobalSection
	GlobalSection(ProjectConfigurationPlatforms) = postSolution
		{7944EB09-76C6-42E5-AB1E-23B154A4D059}.Debug|Any CPU.ActiveCfg = Debug|Any CPU
		{7944EB09-76C6-42E5-AB1E-23B154A4D059}.Debug|Any CPU.Build.0 = Debug|Any CPU
		{7944EB09-76C6-42E5-AB1E-23B154A4D059}.Release|Any CPU.ActiveCfg = Release|Any CPU
		{7944EB09-76C6-42E5-AB1E-23B154A4D059}.Release|Any CPU.Build.0 = Release|Any CPU
	EndGlobalSection
	GlobalSection(SolutionProperties) = preSolution
		HideSolutionNode = FALSE
	EndGlobalSection
	GlobalSection(ExtensibilityGlobals) = postSolution
		SolutionGuid = {44958805-9392-41F6-9771-1920D00AC728}
	EndGlobalSection
EndGlobal
